
Microsoft Visual Studio Solution File, Format Version 12.00
# Visual Studio Version 16
VisualStudioVersion = 16.0.29318.209
MinimumVisualStudioVersion = 10.0.40219.1
Project("{9A19103F-16F7-4668-BE54-9A1E7A4F7556}") = "dotnetcore30web", "dotnetcore30web.csproj", "{B1A03ED0-FCF3-497C-AA50-7375C5E8E1A9}"
EndProject
Global
	GlobalSection(SolutionConfigurationPlatforms) = preSolution
		Debug|Any CPU = Debug|Any CPU
		Release|Any CPU = Release|Any CPU
	EndGlobalSection
	GlobalSection(ProjectConfigurationPlatforms) = postSolution
		{B1A03ED0-FCF3-497C-AA50-7375C5E8E1A9}.Debug|Any CPU.ActiveCfg = Debug|Any CPU
		{B1A03ED0-FCF3-497C-AA50-7375C5E8E1A9}.Debug|Any CPU.Build.0 = Debug|Any CPU
		{B1A03ED0-FCF3-497C-AA50-7375C5E8E1A9}.Release|Any CPU.ActiveCfg = Release|Any CPU
		{B1A03ED0-FCF3-497C-AA50-7375C5E8E1A9}.Release|Any CPU.Build.0 = Release|Any CPU
	EndGlobalSection
	GlobalSection(SolutionProperties) = preSolution
		HideSolutionNode = FALSE
	EndGlobalSection
	GlobalSection(ExtensibilityGlobals) = postSolution
		SolutionGuid = {DBDC164A-E3E7-45BA-8527-34A2C07BBD62}
	EndGlobalSection
EndGlobal
